{
    "_readme": [
        "This file locks the dependencies of your project to a known state",
        "Read more about it at https://getcomposer.org/doc/01-basic-usage.md#composer-lock-the-lock-file",
        "This file is @generated automatically"
    ],
    "hash": "331535a2a407d7de4c4aaa063c5c543e",
    "content-hash": "7d03312fab6281f47830c051168f7c5c",
    "packages": [
        {
            "name": "catfan/medoo",
            "version": "v1.0.2",
            "source": {
                "type": "git",
                "url": "https://github.com/catfan/Medoo.git",
                "reference": "342e2d6a3bcf4adcac58e67593d63547139ab1ac"
            },
            "dist": {
                "type": "zip",
                "url": "https://api.github.com/repos/catfan/Medoo/zipball/342e2d6a3bcf4adcac58e67593d63547139ab1ac",
                "reference": "342e2d6a3bcf4adcac58e67593d63547139ab1ac",
                "shasum": ""
            },
            "require": {
                "ext-pdo": "*",
                "php": ">=5.1"
            },
            "suggest": {
                "ext-pdo_dblib": "For MSSQL or Sybase databases on Linux/UNIX platform",
                "ext-pdo_mysql": "For MySQL or MariaDB databases",
                "ext-pdo_oci": "For Oracle databases",
                "ext-pdo_pqsql": "For PostgreSQL databases",
                "ext-pdo_sqlite": "For SQLite databases",
                "ext-pdo_sqlsrv": "For MSSQL databases on Windows platform"
            },
            "type": "framework",
            "autoload": {
                "files": [
                    "medoo.php"
                ]
            },
            "notification-url": "https://packagist.org/downloads/",
            "license": [
                "MIT"
            ],
            "authors": [
                {
                    "name": "Angel Lai",
                    "email": "angel@catfan.me"
                }
            ],
            "description": "The Lightest PHP database framework to accelerate development",
            "homepage": "http://medoo.in",
            "keywords": [
                "database",
                "lightweight",
                "mssql",
                "mysql",
                "php framework",
                "sql",
                "sqlite"
            ],
            "time": "2016-02-14 16:03:42"
        }
    ],
    "packages-dev": [
        {
            "name": "ehesp/steam-login",
            "version": "1.1.0",
            "source": {
                "type": "git",
                "url": "https://github.com/Ehesp/Steam-Login.git",
                "reference": "a126370d9befb103dcee2c75b70890543b365709"
            },
            "dist": {
                "type": "zip",
                "url": "https://api.github.com/repos/Ehesp/Steam-Login/zipball/a126370d9befb103dcee2c75b70890543b365709",
                "reference": "a126370d9befb103dcee2c75b70890543b365709",
                "shasum": ""
            },
            "require": {
                "php": ">=5.3.0"
            },
            "suggest": {
                "koraktor/steam-condenser": "Library for querying the Steam Community, Source and GoldSrc game servers as well as the Steam master servers."
            },
            "type": "library",
            "autoload": {
                "psr-0": {
                    "Ehesp\\SteamLogin": "src/"
                }
            },
            "notification-url": "https://packagist.org/downloads/",
            "license": [
                "MIT"
            ],
            "authors": [
                {
                    "name": "Elliot Hesp",
                    "email": "elliot.hesp@gmail.com"
                }
            ],
            "description": "A simple PHP Steam login and validation package",
            "keywords": [
                "steam"
            ],
            "time": "2016-04-14 16:24:31"
        }
    ],
    "aliases": [],
    "minimum-stability": "stable",
    "stability-flags": [],
    "prefer-stable": false,
    "prefer-lowest": false,
    "platform": {
        "php": ">=5.5.9"
    },
    "platform-dev": []
}
